
Microsoft Visual Studio Solution File, Format Version 12.00
# Visual Studio Version 17
VisualStudioVersion = 17.8.34511.84
MinimumVisualStudioVersion = 10.0.40219.1
Project("{9A19103F-16F7-4668-BE54-9A1E7A4F7556}") = "MoviesWebApi", "MoviesWebApi\MoviesWebApi.csproj", "{179201F5-ACE2-4715-91B2-B29A281480A6}"
EndProject
Global
	GlobalSection(SolutionConfigurationPlatforms) = preSolution
		Debug|Any CPU = Debug|Any CPU
		Release|Any CPU = Release|Any CPU
	EndGlobalSection
	GlobalSection(ProjectConfigurationPlatforms) = postSolution
		{179201F5-ACE2-4715-91B2-B29A281480A6}.Debug|Any CPU.ActiveCfg = Debug|Any CPU
		{179201F5-ACE2-4715-91B2-B29A281480A6}.Debug|Any CPU.Build.0 = Debug|Any CPU
		{179201F5-ACE2-4715-91B2-B29A281480A6}.Release|Any CPU.ActiveCfg = Release|Any CPU
		{179201F5-ACE2-4715-91B2-B29A281480A6}.Release|Any CPU.Build.0 = Release|Any CPU
	EndGlobalSection
	GlobalSection(SolutionProperties) = preSolution
		HideSolutionNode = FALSE
	EndGlobalSection
	GlobalSection(ExtensibilityGlobals) = postSolution
		SolutionGuid = {C3FFB2AC-AEDF-43BB-87F7-0703E44393B3}
	EndGlobalSection
EndGlobal
